
Microsoft Visual Studio Solution File, Format Version 12.00
# Visual Studio Version 16
VisualStudioVersion = 16.0.28803.156
MinimumVisualStudioVersion = 10.0.40219.1
Project("{FAE04EC0-301F-11D3-BF4B-00C04F79EFBC}") = "Auto23.UWP", "Auto23\Auto23.UWP\Auto23.UWP.csproj", "{B789FA56-55F0-48B7-AB44-471212D792F6}"
EndProject
Project("{FAE04EC0-301F-11D3-BF4B-00C04F79EFBC}") = "Auto23.Android", "Auto23\Auto23.Android\Auto23.Android.csproj", "{F6DBDFDC-36A2-41E8-BB4E-227A39995DEA}"
EndProject
Project("{FAE04EC0-301F-11D3-BF4B-00C04F79EFBC}") = "Auto23.iOS", "Auto23\Auto23.iOS\Auto23.iOS.csproj", "{9F0A1F85-5499-4199-B3B6-51A65D725D39}"
EndProject
Project("{FAE04EC0-301F-11D3-BF4B-00C04F79EFBC}") = "Auto23", "Auto23\Auto23\Auto23.csproj", "{05EBC89C-94F7-451E-B8B5-4098E2356C74}"
EndProject
Global
	GlobalSection(SolutionConfigurationPlatforms) = preSolution
		Debug|Any CPU = Debug|Any CPU
		Debug|ARM = Debug|ARM
		Debug|iPhone = Debug|iPhone
		Debug|iPhoneSimulator = Debug|iPhoneSimulator
		Debug|x64 = Debug|x64
		Debug|x86 = Debug|x86
		Release|Any CPU = Release|Any CPU
		Release|ARM = Release|ARM
		Release|iPhone = Release|iPhone
		Release|iPhoneSimulator = Release|iPhoneSimulator
		Release|x64 = Release|x64
		Release|x86 = Release|x86
	EndGlobalSection
	GlobalSection(ProjectConfigurationPlatforms) = postSolution
		{B789FA56-55F0-48B7-AB44-471212D792F6}.Debug|Any CPU.ActiveCfg = Debug|x86
		{B789FA56-55F0-48B7-AB44-471212D792F6}.Debug|Any CPU.Build.0 = Debug|x86
		{B789FA56-55F0-48B7-AB44-471212D792F6}.Debug|Any CPU.Deploy.0 = Debug|x86
		{B789FA56-55F0-48B7-AB44-471212D792F6}.Debug|ARM.ActiveCfg = Debug|ARM
		{B789FA56-55F0-48B7-AB44-471212D792F6}.Debug|ARM.Build.0 = Debug|ARM
		{B789FA56-55F0-48B7-AB44-471212D792F6}.Debug|ARM.Deploy.0 = Debug|ARM
		{B789FA56-55F0-48B7-AB44-471212D792F6}.Debug|iPhone.ActiveCfg = Debug|x86
		{B789FA56-55F0-48B7-AB44-471212D792F6}.Debug|iPhone.Build.0 = Debug|x86
		{B789FA56-55F0-48B7-AB44-471212D792F6}.Debug|iPhone.Deploy.0 = Debug|x86
		{B789FA56-55F0-48B7-AB44-471212D792F6}.Debug|iPhoneSimulator.ActiveCfg = Debug|x86
		{B789FA56-55F0-48B7-AB44-471212D792F6}.Debug|iPhoneSimulator.Build.0 = Debug|x86
		{B789FA56-55F0-48B7-AB44-471212D792F6}.Debug|iPhoneSimulator.Deploy.0 = Debug|x86
		{B789FA56-55F0-48B7-AB44-471212D792F6}.Debug|x64.ActiveCfg = Debug|x64
		{B789FA56-55F0-48B7-AB44-471212D792F6}.Debug|x64.Build.0 = Debug|x64
		{B789FA56-55F0-48B7-AB44-471212D792F6}.Debug|x64.Deploy.0 = Debug|x64
		{B789FA56-55F0-48B7-AB44-471212D792F6}.Debug|x86.ActiveCfg = Debug|x86
		{B789FA56-55F0-48B7-AB44-471212D792F6}.Debug|x86.Build.0 = Debug|x86
		{B789FA56-55F0-48B7-AB44-471212D792F6}.Debug|x86.Deploy.0 = Debug|x86
		{B789FA56-55F0-48B7-AB44-471212D792F6}.Release|Any CPU.ActiveCfg = Release|x86
		{B789FA56-55F0-48B7-AB44-471212D792F6}.Release|Any CPU.Build.0 = Release|x86
		{B789FA56-55F0-48B7-AB44-471212D792F6}.Release|Any CPU.Deploy.0 = Release|x86
		{B789FA56-55F0-48B7-AB44-471212D792F6}.Release|ARM.ActiveCfg = Release|ARM
		{B789FA56-55F0-48B7-AB44-471212D792F6}.Release|ARM.Build.0 = Release|ARM
		{B789FA56-55F0-48B7-AB44-471212D792F6}.Release|ARM.Deploy.0 = Release|ARM
		{B789FA56-55F0-48B7-AB44-471212D792F6}.Release|iPhone.ActiveCfg = Release|x86
		{B789FA56-55F0-48B7-AB44-471212D792F6}.Release|iPhone.Build.0 = Release|x86
		{B789FA56-55F0-48B7-AB44-471212D792F6}.Release|iPhone.Deploy.0 = Release|x86
		{B789FA56-55F0-48B7-AB44-471212D792F6}.Release|iPhoneSimulator.ActiveCfg = Release|x86
		{B789FA56-55F0-48B7-AB44-471212D792F6}.Release|iPhoneSimulator.Build.0 = Release|x86
		{B789FA56-55F0-48B7-AB44-471212D792F6}.Release|iPhoneSimulator.Deploy.0 = Release|x86
		{B789FA56-55F0-48B7-AB44-471212D792F6}.Release|x64.ActiveCfg = Release|x64
		{B789FA56-55F0-48B7-AB44-471212D792F6}.Release|x64.Build.0 = Release|x64
		{B789FA56-55F0-48B7-AB44-471212D792F6}.Release|x64.Deploy.0 = Release|x64
		{B789FA56-55F0-48B7-AB44-471212D792F6}.Release|x86.ActiveCfg = Release|x86
		{B789FA56-55F0-48B7-AB44-471212D792F6}.Release|x86.Build.0 = Release|x86
		{B789FA56-55F0-48B7-AB44-471212D792F6}.Release|x86.Deploy.0 = Release|x86
		{F6DBDFDC-36A2-41E8-BB4E-227A39995DEA}.Debug|Any CPU.ActiveCfg = Debug|Any CPU
		{F6DBDFDC-36A2-41E8-BB4E-227A39995DEA}.Debug|Any CPU.Build.0 = Debug|Any CPU
		{F6DBDFDC-36A2-41E8-BB4E-227A39995DEA}.Debug|Any CPU.Deploy.0 = Debug|Any CPU
		{F6DBDFDC-36A2-41E8-BB4E-227A39995DEA}.Debug|ARM.ActiveCfg = Debug|Any CPU
		{F6DBDFDC-36A2-41E8-BB4E-227A39995DEA}.Debug|ARM.Build.0 = Debug|Any CPU
		{F6DBDFDC-36A2-41E8-BB4E-227A39995DEA}.Debug|ARM.Deploy.0 = Debug|Any CPU
		{F6DBDFDC-36A2-41E8-BB4E-227A39995DEA}.Debug|iPhone.ActiveCfg = Debug|Any CPU
		{F6DBDFDC-36A2-41E8-BB4E-227A39995DEA}.Debug|iPhone.Build.0 = Debug|Any CPU
		{F6DBDFDC-36A2-41E8-BB4E-227A39995DEA}.Debug|iPhone.Deploy.0 = Debug|Any CPU
		{F6DBDFDC-36A2-41E8-BB4E-227A39995DEA}.Debug|iPhoneSimulator.ActiveCfg = Debug|Any CPU
		{F6DBDFDC-36A2-41E8-BB4E-227A39995DEA}.Debug|iPhoneSimulator.Build.0 = Debug|Any CPU
		{F6DBDFDC-36A2-41E8-BB4E-227A39995DEA}.Debug|iPhoneSimulator.Deploy.0 = Debug|Any CPU
		{F6DBDFDC-36A2-41E8-BB4E-227A39995DEA}.Debug|x64.ActiveCfg = Debug|Any CPU
		{F6DBDFDC-36A2-41E8-BB4E-227A39995DEA}.Debug|x64.Build.0 = Debug|Any CPU
		{F6DBDFDC-36A2-41E8-BB4E-227A39995DEA}.Debug|x64.Deploy.0 = Debug|Any CPU
		{F6DBDFDC-36A2-41E8-BB4E-227A39995DEA}.Debug|x86.ActiveCfg = Debug|Any CPU
		{F6DBDFDC-36A2-41E8-BB4E-227A39995DEA}.Debug|x86.Build.0 = Debug|Any CPU
		{F6DBDFDC-36A2-41E8-BB4E-227A39995DEA}.Debug|x86.Deploy.0 = Debug|Any CPU
		{F6DBDFDC-36A2-41E8-BB4E-227A39995DEA}.Release|Any CPU.ActiveCfg = Release|Any CPU
		{F6DBDFDC-36A2-41E8-BB4E-227A39995DEA}.Release|Any CPU.Build.0 = Release|Any CPU
		{F6DBDFDC-36A2-41E8-BB4E-227A39995DEA}.Release|Any CPU.Deploy.0 = Release|Any CPU
		{F6DBDFDC-36A2-41E8-BB4E-227A39995DEA}.Release|ARM.ActiveCfg = Release|Any CPU
		{F6DBDFDC-36A2-41E8-BB4E-227A39995DEA}.Release|ARM.Build.0 = Release|Any CPU
		{F6DBDFDC-36A2-41E8-BB4E-227A39995DEA}.Release|ARM.Deploy.0 = Release|Any CPU
		{F6DBDFDC-36A2-41E8-BB4E-227A39995DEA}.Release|iPhone.ActiveCfg = Release|Any CPU
		{F6DBDFDC-36A2-41E8-BB4E-227A39995DEA}.Release|iPhone.Build.0 = Release|Any CPU
		{F6DBDFDC-36A2-41E8-BB4E-227A39995DEA}.Release|iPhone.Deploy.0 = Release|Any CPU
		{F6DBDFDC-36A2-41E8-BB4E-227A39995DEA}.Release|iPhoneSimulator.ActiveCfg = Release|Any CPU
		{F6DBDFDC-36A2-41E8-BB4E-227A39995DEA}.Release|iPhoneSimulator.Build.0 = Release|Any CPU
		{F6DBDFDC-36A2-41E8-BB4E-227A39995DEA}.Release|iPhoneSimulator.Deploy.0 = Release|Any CPU
		{F6DBDFDC-36A2-41E8-BB4E-227A39995DEA}.Release|x64.ActiveCfg = Release|Any CPU
		{F6DBDFDC-36A2-41E8-BB4E-227A39995DEA}.Release|x64.Build.0 = Release|Any CPU
		{F6DBDFDC-36A2-41E8-BB4E-227A39995DEA}.Release|x64.Deploy.0 = Release|Any CPU
		{F6DBDFDC-36A2-41E8-BB4E-227A39995DEA}.Release|x86.ActiveCfg = Release|Any CPU
		{F6DBDFDC-36A2-41E8-BB4E-227A39995DEA}.Release|x86.Build.0 = Release|Any CPU
		{F6DBDFDC-36A2-41E8-BB4E-227A39995DEA}.Release|x86.Deploy.0 = Release|Any CPU
		{9F0A1F85-5499-4199-B3B6-51A65D725D39}.Debug|Any CPU.ActiveCfg = Debug|iPhone
		{9F0A1F85-5499-4199-B3B6-51A65D725D39}.Debug|Any CPU.Build.0 = Debug|iPhone
		{9F0A1F85-5499-4199-B3B6-51A65D725D39}.Debug|Any CPU.Deploy.0 = Debug|iPhone
		{9F0A1F85-5499-4199-B3B6-51A65D725D39}.Debug|ARM.ActiveCfg = Debug|iPhoneSimulator
		{9F0A1F85-5499-4199-B3B6-51A65D725D39}.Debug|ARM.Build.0 = Debug|iPhoneSimulator
		{9F0A1F85-5499-4199-B3B6-51A65D725D39}.Debug|ARM.Deploy.0 = Debug|iPhoneSimulator
		{9F0A1F85-5499-4199-B3B6-51A65D725D39}.Debug|iPhone.ActiveCfg = Debug|iPhone
		{9F0A1F85-5499-4199-B3B6-51A65D725D39}.Debug|iPhone.Build.0 = Debug|iPhone
		{9F0A1F85-5499-4199-B3B6-51A65D725D39}.Debug|iPhone.Deploy.0 = Debug|iPhone
		{9F0A1F85-5499-4199-B3B6-51A65D725D39}.Debug|iPhoneSimulator.ActiveCfg = Debug|iPhoneSimulator
		{9F0A1F85-5499-4199-B3B6-51A65D725D39}.Debug|iPhoneSimulator.Build.0 = Debug|iPhoneSimulator
		{9F0A1F85-5499-4199-B3B6-51A65D725D39}.Debug|iPhoneSimulator.Deploy.0 = Debug|iPhoneSimulator
		{9F0A1F85-5499-4199-B3B6-51A65D725D39}.Debug|x64.ActiveCfg = Debug|iPhone
		{9F0A1F85-5499-4199-B3B6-51A65D725D39}.Debug|x64.Build.0 = Debug|iPhone
		{9F0A1F85-5499-4199-B3B6-51A65D725D39}.Debug|x64.Deploy.0 = Debug|iPhone
		{9F0A1F85-5499-4199-B3B6-51A65D725D39}.Debug|x86.ActiveCfg = Debug|iPhone
		{9F0A1F85-5499-4199-B3B6-51A65D725D39}.Debug|x86.Build.0 = Debug|iPhone
		{9F0A1F85-5499-4199-B3B6-51A65D725D39}.Debug|x86.Deploy.0 = Debug|iPhone
		{9F0A1F85-5499-4199-B3B6-51A65D725D39}.Release|Any CPU.ActiveCfg = Release|iPhone
		{9F0A1F85-5499-4199-B3B6-51A65D725D39}.Release|Any CPU.Build.0 = Release|iPhone
		{9F0A1F85-5499-4199-B3B6-51A65D725D39}.Release|Any CPU.Deploy.0 = Release|iPhone
		{9F0A1F85-5499-4199-B3B6-51A65D725D39}.Release|ARM.ActiveCfg = Release|iPhone
		{9F0A1F85-5499-4199-B3B6-51A65D725D39}.Release|ARM.Build.0 = Release|iPhone
		{9F0A1F85-5499-4199-B3B6-51A65D725D39}.Release|ARM.Deploy.0 = Release|iPhone
		{9F0A1F85-5499-4199-B3B6-51A65D725D39}.Release|iPhone.ActiveCfg = Release|iPhone
		{9F0A1F85-5499-4199-B3B6-51A65D725D39}.Release|iPhone.Build.0 = Release|iPhone
		{9F0A1F85-5499-4199-B3B6-51A65D725D39}.Release|iPhone.Deploy.0 = Release|iPhone
		{9F0A1F85-5499-4199-B3B6-51A65D725D39}.Release|iPhoneSimulator.ActiveCfg = Release|iPhoneSimulator
		{9F0A1F85-5499-4199-B3B6-51A65D725D39}.Release|iPhoneSimulator.Build.0 = Release|iPhoneSimulator
		{9F0A1F85-5499-4199-B3B6-51A65D725D39}.Release|iPhoneSimulator.Deploy.0 = Release|iPhoneSimulator
		{9F0A1F85-5499-4199-B3B6-51A65D725D39}.Release|x64.ActiveCfg = Release|iPhone
		{9F0A1F85-5499-4199-B3B6-51A65D725D39}.Release|x64.Build.0 = Release|iPhone
		{9F0A1F85-5499-4199-B3B6-51A65D725D39}.Release|x64.Deploy.0 = Release|iPhone
		{9F0A1F85-5499-4199-B3B6-51A65D725D39}.Release|x86.ActiveCfg = Release|iPhone
		{9F0A1F85-5499-4199-B3B6-51A65D725D39}.Release|x86.Build.0 = Release|iPhone
		{9F0A1F85-5499-4199-B3B6-51A65D725D39}.Release|x86.Deploy.0 = Release|iPhone
		{05EBC89C-94F7-451E-B8B5-4098E2356C74}.Debug|Any CPU.ActiveCfg = Debug|Any CPU
		{05EBC89C-94F7-451E-B8B5-4098E2356C74}.Debug|Any CPU.Build.0 = Debug|Any CPU
		{05EBC89C-94F7-451E-B8B5-4098E2356C74}.Debug|Any CPU.Deploy.0 = Debug|Any CPU
		{05EBC89C-94F7-451E-B8B5-4098E2356C74}.Debug|ARM.ActiveCfg = Debug|Any CPU
		{05EBC89C-94F7-451E-B8B5-4098E2356C74}.Debug|ARM.Build.0 = Debug|Any CPU
		{05EBC89C-94F7-451E-B8B5-4098E2356C74}.Debug|ARM.Deploy.0 = Debug|Any CPU
		{05EBC89C-94F7-451E-B8B5-4098E2356C74}.Debug|iPhone.ActiveCfg = Debug|Any CPU
		{05EBC89C-94F7-451E-B8B5-4098E2356C74}.Debug|iPhone.Build.0 = Debug|Any CPU
		{05EBC89C-94F7-451E-B8B5-4098E2356C74}.Debug|iPhone.Deploy.0 = Debug|Any CPU
		{05EBC89C-94F7-451E-B8B5-4098E2356C74}.Debug|iPhoneSimulator.ActiveCfg = Debug|Any CPU
		{05EBC89C-94F7-451E-B8B5-4098E2356C74}.Debug|iPhoneSimulator.Build.0 = Debug|Any CPU
		{05EBC89C-94F7-451E-B8B5-4098E2356C74}.Debug|iPhoneSimulator.Deploy.0 = Debug|Any CPU
		{05EBC89C-94F7-451E-B8B5-4098E2356C74}.Debug|x64.ActiveCfg = Debug|Any CPU
		{05EBC89C-94F7-451E-B8B5-4098E2356C74}.Debug|x64.Build.0 = Debug|Any CPU
		{05EBC89C-94F7-451E-B8B5-4098E2356C74}.Debug|x64.Deploy.0 = Debug|Any CPU
		{05EBC89C-94F7-451E-B8B5-4098E2356C74}.Debug|x86.ActiveCfg = Debug|Any CPU
		{05EBC89C-94F7-451E-B8B5-4098E2356C74}.Debug|x86.Build.0 = Debug|Any CPU
		{05EBC89C-94F7-451E-B8B5-4098E2356C74}.Debug|x86.Deploy.0 = Debug|Any CPU
		{05EBC89C-94F7-451E-B8B5-4098E2356C74}.Release|Any CPU.ActiveCfg = Release|Any CPU
		{05EBC89C-94F7-451E-B8B5-4098E2356C74}.Release|Any CPU.Build.0 = Release|Any CPU
		{05EBC89C-94F7-451E-B8B5-4098E2356C74}.Release|Any CPU.Deploy.0 = Release|Any CPU
		{05EBC89C-94F7-451E-B8B5-4098E2356C74}.Release|ARM.ActiveCfg = Release|Any CPU
		{05EBC89C-94F7-451E-B8B5-4098E2356C74}.Release|ARM.Build.0 = Release|Any CPU
		{05EBC89C-94F7-451E-B8B5-4098E2356C74}.Release|ARM.Deploy.0 = Release|Any CPU
		{05EBC89C-94F7-451E-B8B5-4098E2356C74}.Release|iPhone.ActiveCfg = Release|Any CPU
		{05EBC89C-94F7-451E-B8B5-4098E2356C74}.Release|iPhone.Build.0 = Release|Any CPU
		{05EBC89C-94F7-451E-B8B5-4098E2356C74}.Release|iPhone.Deploy.0 = Release|Any CPU
		{05EBC89C-94F7-451E-B8B5-4098E2356C74}.Release|iPhoneSimulator.ActiveCfg = Release|Any CPU
		{05EBC89C-94F7-451E-B8B5-4098E2356C74}.Release|iPhoneSimulator.Build.0 = Release|Any CPU
		{05EBC89C-94F7-451E-B8B5-4098E2356C74}.Release|iPhoneSimulator.Deploy.0 = Release|Any CPU
		{05EBC89C-94F7-451E-B8B5-4098E2356C74}.Release|x64.ActiveCfg = Release|Any CPU
		{05EBC89C-94F7-451E-B8B5-4098E2356C74}.Release|x64.Build.0 = Release|Any CPU
		{05EBC89C-94F7-451E-B8B5-4098E2356C74}.Release|x64.Deploy.0 = Release|Any CPU
		{05EBC89C-94F7-451E-B8B5-4098E2356C74}.Release|x86.ActiveCfg = Release|Any CPU
		{05EBC89C-94F7-451E-B8B5-4098E2356C74}.Release|x86.Build.0 = Release|Any CPU
		{05EBC89C-94F7-451E-B8B5-4098E2356C74}.Release|x86.Deploy.0 = Release|Any CPU
	EndGlobalSection
	GlobalSection(SolutionProperties) = preSolution
		HideSolutionNode = FALSE
	EndGlobalSection
	GlobalSection(ExtensibilityGlobals) = postSolution
		SolutionGuid = {8C887A16-C0A8-45B4-AC35-FEB79F38D962}
	EndGlobalSection
EndGlobal
